
Microsoft Visual Studio Solution File, Format Version 12.00
# Visual Studio 15
VisualStudioVersion = 15.0.28307.757
MinimumVisualStudioVersion = 10.0.40219.1
Project("{FAE04EC0-301F-11D3-BF4B-00C04F79EFBC}") = "EjerciciosLogica", "EjerciciosLogica\EjerciciosLogica.csproj", "{D64D9544-C82B-459B-9038-9A893BEC68CF}"
EndProject
Global
	GlobalSection(SolutionConfigurationPlatforms) = preSolution
		Debug|Any CPU = Debug|Any CPU
		Release|Any CPU = Release|Any CPU
	EndGlobalSection
	GlobalSection(ProjectConfigurationPlatforms) = postSolution
		{D64D9544-C82B-459B-9038-9A893BEC68CF}.Debug|Any CPU.ActiveCfg = Debug|Any CPU
		{D64D9544-C82B-459B-9038-9A893BEC68CF}.Debug|Any CPU.Build.0 = Debug|Any CPU
		{D64D9544-C82B-459B-9038-9A893BEC68CF}.Release|Any CPU.ActiveCfg = Release|Any CPU
		{D64D9544-C82B-459B-9038-9A893BEC68CF}.Release|Any CPU.Build.0 = Release|Any CPU
	EndGlobalSection
	GlobalSection(SolutionProperties) = preSolution
		HideSolutionNode = FALSE
	EndGlobalSection
	GlobalSection(ExtensibilityGlobals) = postSolution
		SolutionGuid = {DA5CE410-099B-4C9A-8DC6-26768C53BD9A}
	EndGlobalSection
EndGlobal
